<?xml version="1.0" encoding="utf-8"?>
<Project ToolsVersion="4.0" xmlns="http://schemas.microsoft.com/developer/msbuild/2003">
  <ItemGroup>
    <ClCompile Include="main.cpp" />
    <ClCompile Include="core\Engine.cpp">
      <Filter>core</Filter>
    </ClCompile>
    <ClCompile Include="core\graphics\gl\ShaderProgram.cpp">
      <Filter>core\graphics\gl</Filter>
    </ClCompile>
    <ClCompile Include="core\Platform.cpp">
      <Filter>core</Filter>
    </ClCompile>
    <ClCompile Include="core\graphics\gl\Texture.cpp">
      <Filter>core\graphics\gl</Filter>
    </ClCompile>
    <ClCompile Include="io\FileReader.cpp">
      <Filter>io</Filter>
    </ClCompile>
    <ClCompile Include="core\graphics\gl\Buffer.cpp">
      <Filter>core\graphics\gl</Filter>
    </ClCompile>
    <ClCompile Include="core\graphics\gl\Sampler.cpp">
      <Filter>core\graphics\gl</Filter>
    </ClCompile>
    <ClCompile Include="core\graphics\gl\Framebuffer.cpp">
      <Filter>core\graphics\gl</Filter>
    </ClCompile>
    <ClCompile Include="model\Mesh.cpp">
      <Filter>Model</Filter>
    </ClCompile>
  </ItemGroup>
  <ItemGroup>
    <Filter Include="core">
      <UniqueIdentifier>{66e2bac2-834c-47ae-afcc-37563498036b}</UniqueIdentifier>
    </Filter>
    <Filter Include="core\graphics">
      <UniqueIdentifier>{75f19d0c-737d-435c-829c-075ad07ccbb6}</UniqueIdentifier>
    </Filter>
    <Filter Include="core\graphics\gl">
      <UniqueIdentifier>{f42e8211-c008-4917-9aca-cdf4903d7f9c}</UniqueIdentifier>
    </Filter>
    <Filter Include="3rdparty">
      <UniqueIdentifier>{be4f4ff6-cec4-43e6-a5b9-e17d576720c5}</UniqueIdentifier>
    </Filter>
    <Filter Include="3rdparty\io">
      <UniqueIdentifier>{58d27974-093e-4453-bc35-37d3d24a914d}</UniqueIdentifier>
    </Filter>
    <Filter Include="io">
      <UniqueIdentifier>{06a8cf4a-a59e-4f65-bae1-2b504b389ae4}</UniqueIdentifier>
    </Filter>
    <Filter Include="shaders">
      <UniqueIdentifier>{ed89ff66-45d4-4c46-8e63-a0fa68232eb6}</UniqueIdentifier>
    </Filter>
    <Filter Include="Model">
      <UniqueIdentifier>{8758d004-2f90-48c5-942c-664c2b0bcedb}</UniqueIdentifier>
    </Filter>
  </ItemGroup>
  <ItemGroup>
    <ClInclude Include="core\Engine.h">
      <Filter>core</Filter>
    </ClInclude>
    <ClInclude Include="core\graphics\gl\ShaderProgram.h">
      <Filter>core\graphics\gl</Filter>
    </ClInclude>
    <ClInclude Include="core\Platform.h">
      <Filter>core</Filter>
    </ClInclude>
    <ClInclude Include="core\graphics\gl\Texture.h">
      <Filter>core\graphics\gl</Filter>
    </ClInclude>
    <ClInclude Include="3rdparty\io\stb_image.h">
      <Filter>3rdparty\io</Filter>
    </ClInclude>
    <ClInclude Include="io\FileReader.h">
      <Filter>io</Filter>
    </ClInclude>
    <ClInclude Include="core\graphics\gl\Buffer.h">
      <Filter>core\graphics\gl</Filter>
    </ClInclude>
    <ClInclude Include="core\graphics\gl\Sampler.h">
      <Filter>core\graphics\gl</Filter>
    </ClInclude>
    <ClInclude Include="io\Logging.h">
      <Filter>io</Filter>
    </ClInclude>
    <ClInclude Include="core\graphics\gl\Framebuffer.h">
      <Filter>core\graphics\gl</Filter>
    </ClInclude>
    <ClInclude Include="model\Mesh.h">
      <Filter>Model</Filter>
    </ClInclude>
  </ItemGroup>
  <ItemGroup>
    <None Include="shaders\simpleShader_fs.glsl">
      <Filter>shaders</Filter>
    </None>
    <None Include="shaders\simpleShader_vs.glsl">
      <Filter>shaders</Filter>
    </None>
  </ItemGroup>
</Project>